// !$*UTF8*$!
{
	archiveVersion = 1;
	classes = {
	};
	objectVersion = 56;
	objects = {

/* Begin PBXBuildFile section */
		1D3A85EC2A886E160081857F /* AnyLangLearnApp.swift in Sources */ = {isa = PBXBuildFile; fileRef = 1D3A85EB2A886E160081857F /* AnyLangLearnApp.swift */; };
		1D3A85EE2A886E160081857F /* MainView.swift in Sources */ = {isa = PBXBuildFile; fileRef = 1D3A85ED2A886E160081857F /* MainView.swift */; };
		1D3A85F02A886E180081857F /* Assets.xcassets in Resources */ = {isa = PBXBuildFile; fileRef = 1D3A85EF2A886E180081857F /* Assets.xcassets */; };
		1D3A85F32A886E180081857F /* Preview Assets.xcassets in Resources */ = {isa = PBXBuildFile; fileRef = 1D3A85F22A886E180081857F /* Preview Assets.xcassets */; };
		1D3A85FC2A887AA00081857F /* AppCore.framework in Frameworks */ = {isa = PBXBuildFile; fileRef = 1D3A85FB2A887AA00081857F /* AppCore.framework */; };
		1D3A85FD2A887AA00081857F /* AppCore.framework in Embed Frameworks */ = {isa = PBXBuildFile; fileRef = 1D3A85FB2A887AA00081857F /* AppCore.framework */; settings = {ATTRIBUTES = (CodeSignOnCopy, RemoveHeadersOnCopy, ); }; };
		1D3A86002A887ADD0081857F /* AsyncNinja.framework in Frameworks */ = {isa = PBXBuildFile; fileRef = 1D3A85FF2A887ADD0081857F /* AsyncNinja.framework */; };
		1D3A86012A887ADD0081857F /* AsyncNinja.framework in Embed Frameworks */ = {isa = PBXBuildFile; fileRef = 1D3A85FF2A887ADD0081857F /* AsyncNinja.framework */; settings = {ATTRIBUTES = (CodeSignOnCopy, RemoveHeadersOnCopy, ); }; };
		1D3A86032A887AED0081857F /* AsyncNinjaReactiveUI.framework in Frameworks */ = {isa = PBXBuildFile; fileRef = 1D3A86022A887AED0081857F /* AsyncNinjaReactiveUI.framework */; };
		1D3A86042A887AED0081857F /* AsyncNinjaReactiveUI.framework in Embed Frameworks */ = {isa = PBXBuildFile; fileRef = 1D3A86022A887AED0081857F /* AsyncNinjaReactiveUI.framework */; settings = {ATTRIBUTES = (CodeSignOnCopy, RemoveHeadersOnCopy, ); }; };
		1D3A860A2A888A940081857F /* PairPhrasesView.swift in Sources */ = {isa = PBXBuildFile; fileRef = 1D3A86092A888A940081857F /* PairPhrasesView.swift */; };
		1D3A860D2A888D6F0081857F /* AllPhrasesView.swift in Sources */ = {isa = PBXBuildFile; fileRef = 1D3A860C2A888D6F0081857F /* AllPhrasesView.swift */; };
		1D3A860F2A888FD90081857F /* TODO.swift in Sources */ = {isa = PBXBuildFile; fileRef = 1D3A860E2A888FD90081857F /* TODO.swift */; };
		1D8FAA962A981F1800A06483 /* Realm in Frameworks */ = {isa = PBXBuildFile; productRef = 1D8FAA952A981F1800A06483 /* Realm */; };
		1D980CC82A8AB1150098EF77 /* Essentials in Frameworks */ = {isa = PBXBuildFile; productRef = 1D980CC72A8AB1150098EF77 /* Essentials */; };
		1D980CC92A8AB1150098EF77 /* Essentials in Embed Frameworks */ = {isa = PBXBuildFile; productRef = 1D980CC72A8AB1150098EF77 /* Essentials */; settings = {ATTRIBUTES = (CodeSignOnCopy, ); }; };
/* End PBXBuildFile section */

/* Begin PBXCopyFilesBuildPhase section */
		1D3A85FE2A887AA00081857F /* Embed Frameworks */ = {
			isa = PBXCopyFilesBuildPhase;
			buildActionMask = 2147483647;
			dstPath = "";
			dstSubfolderSpec = 10;
			files = (
				1D3A86042A887AED0081857F /* AsyncNinjaReactiveUI.framework in Embed Frameworks */,
				1D980CC92A8AB1150098EF77 /* Essentials in Embed Frameworks */,
				1D3A86012A887ADD0081857F /* AsyncNinja.framework in Embed Frameworks */,
				1D3A85FD2A887AA00081857F /* AppCore.framework in Embed Frameworks */,
			);
			name = "Embed Frameworks";
			runOnlyForDeploymentPostprocessing = 0;
		};
/* End PBXCopyFilesBuildPhase section */

/* Begin PBXFileReference section */
		1D3A85E82A886E160081857F /* AnyLangLearn.app */ = {isa = PBXFileReference; explicitFileType = wrapper.application; includeInIndex = 0; path = AnyLangLearn.app; sourceTree = BUILT_PRODUCTS_DIR; };
		1D3A85EB2A886E160081857F /* AnyLangLearnApp.swift */ = {isa = PBXFileReference; lastKnownFileType = sourcecode.swift; path = AnyLangLearnApp.swift; sourceTree = "<group>"; };
		1D3A85ED2A886E160081857F /* MainView.swift */ = {isa = PBXFileReference; lastKnownFileType = sourcecode.swift; path = MainView.swift; sourceTree = "<group>"; };
		1D3A85EF2A886E180081857F /* Assets.xcassets */ = {isa = PBXFileReference; lastKnownFileType = folder.assetcatalog; path = Assets.xcassets; sourceTree = "<group>"; };
		1D3A85F22A886E180081857F /* Preview Assets.xcassets */ = {isa = PBXFileReference; lastKnownFileType = folder.assetcatalog; path = "Preview Assets.xcassets"; sourceTree = "<group>"; };
		1D3A85F42A886E180081857F /* AnyLangLearn.entitlements */ = {isa = PBXFileReference; lastKnownFileType = text.plist.entitlements; path = AnyLangLearn.entitlements; sourceTree = "<group>"; };
		1D3A85FB2A887AA00081857F /* AppCore.framework */ = {isa = PBXFileReference; explicitFileType = wrapper.framework; path = AppCore.framework; sourceTree = BUILT_PRODUCTS_DIR; };
		1D3A85FF2A887ADD0081857F /* AsyncNinja.framework */ = {isa = PBXFileReference; explicitFileType = wrapper.framework; path = AsyncNinja.framework; sourceTree = BUILT_PRODUCTS_DIR; };
		1D3A86022A887AED0081857F /* AsyncNinjaReactiveUI.framework */ = {isa = PBXFileReference; explicitFileType = wrapper.framework; path = AsyncNinjaReactiveUI.framework; sourceTree = BUILT_PRODUCTS_DIR; };
		1D3A86092A888A940081857F /* PairPhrasesView.swift */ = {isa = PBXFileReference; lastKnownFileType = sourcecode.swift; path = PairPhrasesView.swift; sourceTree = "<group>"; };
		1D3A860C2A888D6F0081857F /* AllPhrasesView.swift */ = {isa = PBXFileReference; lastKnownFileType = sourcecode.swift; path = AllPhrasesView.swift; sourceTree = "<group>"; };
		1D3A860E2A888FD90081857F /* TODO.swift */ = {isa = PBXFileReference; lastKnownFileType = sourcecode.swift; path = TODO.swift; sourceTree = "<group>"; };
/* End PBXFileReference section */

/* Begin PBXFrameworksBuildPhase section */
		1D3A85E52A886E160081857F /* Frameworks */ = {
			isa = PBXFrameworksBuildPhase;
			buildActionMask = 2147483647;
			files = (
				1D3A86032A887AED0081857F /* AsyncNinjaReactiveUI.framework in Frameworks */,
				1D980CC82A8AB1150098EF77 /* Essentials in Frameworks */,
				1D3A86002A887ADD0081857F /* AsyncNinja.framework in Frameworks */,
				1D3A85FC2A887AA00081857F /* AppCore.framework in Frameworks */,
				1D8FAA962A981F1800A06483 /* Realm in Frameworks */,
			);
			runOnlyForDeploymentPostprocessing = 0;
		};
/* End PBXFrameworksBuildPhase section */

/* Begin PBXGroup section */
		1D3A85DF2A886E160081857F = {
			isa = PBXGroup;
			children = (
				1D3A860E2A888FD90081857F /* TODO.swift */,
				1D3A85EA2A886E160081857F /* AnyLangLearn */,
				1D3A85E92A886E160081857F /* Products */,
				1D3A85FA2A887AA00081857F /* Frameworks */,
			);
			sourceTree = "<group>";
		};
		1D3A85E92A886E160081857F /* Products */ = {
			isa = PBXGroup;
			children = (
				1D3A85E82A886E160081857F /* AnyLangLearn.app */,
			);
			name = Products;
			sourceTree = "<group>";
		};
		1D3A85EA2A886E160081857F /* AnyLangLearn */ = {
			isa = PBXGroup;
			children = (
				1D3A85EB2A886E160081857F /* AnyLangLearnApp.swift */,
				1D3A85ED2A886E160081857F /* MainView.swift */,
				1D3A860B2A888AA60081857F /* Games */,
				1D3A85EF2A886E180081857F /* Assets.xcassets */,
				1D3A85F42A886E180081857F /* AnyLangLearn.entitlements */,
				1D3A85F12A886E180081857F /* Preview Content */,
			);
			path = AnyLangLearn;
			sourceTree = "<group>";
		};
		1D3A85F12A886E180081857F /* Preview Content */ = {
			isa = PBXGroup;
			children = (
				1D3A85F22A886E180081857F /* Preview Assets.xcassets */,
			);
			path = "Preview Content";
			sourceTree = "<group>";
		};
		1D3A85FA2A887AA00081857F /* Frameworks */ = {
			isa = PBXGroup;
			children = (
				1D3A86022A887AED0081857F /* AsyncNinjaReactiveUI.framework */,
				1D3A85FF2A887ADD0081857F /* AsyncNinja.framework */,
				1D3A85FB2A887AA00081857F /* AppCore.framework */,
			);
			name = Frameworks;
			sourceTree = "<group>";
		};
		1D3A860B2A888AA60081857F /* Games */ = {
			isa = PBXGroup;
			children = (
				1D3A860C2A888D6F0081857F /* AllPhrasesView.swift */,
				1D3A86092A888A940081857F /* PairPhrasesView.swift */,
			);
			path = Games;
			sourceTree = "<group>";
		};
/* End PBXGroup section */

/* Begin PBXNativeTarget section */
		1D3A85E72A886E160081857F /* AnyLangLearn */ = {
			isa = PBXNativeTarget;
			buildConfigurationList = 1D3A85F72A886E180081857F /* Build configuration list for PBXNativeTarget "AnyLangLearn" */;
			buildPhases = (
				1D3A85E42A886E160081857F /* Sources */,
				1D3A85E52A886E160081857F /* Frameworks */,
				1D3A85E62A886E160081857F /* Resources */,
				1D3A85FE2A887AA00081857F /* Embed Frameworks */,
			);
			buildRules = (
			);
			dependencies = (
			);
			name = AnyLangLearn;
			packageProductDependencies = (
				1D980CC72A8AB1150098EF77 /* Essentials */,
				1D8FAA952A981F1800A06483 /* Realm */,
			);
			productName = AnyLangLearn;
			productReference = 1D3A85E82A886E160081857F /* AnyLangLearn.app */;
			productType = "com.apple.product-type.application";
		};
/* End PBXNativeTarget section */

/* Begin PBXProject section */
		1D3A85E02A886E160081857F /* Project object */ = {
			isa = PBXProject;
			attributes = {
				BuildIndependentTargetsInParallel = 1;
				LastSwiftUpdateCheck = 1430;
				LastUpgradeCheck = 1430;
				TargetAttributes = {
					1D3A85E72A886E160081857F = {
						CreatedOnToolsVersion = 14.3;
					};
				};
			};
			buildConfigurationList = 1D3A85E32A886E160081857F /* Build configuration list for PBXProject "AnyLangLearn" */;
			compatibilityVersion = "Xcode 14.0";
			developmentRegion = en;
			hasScannedForEncodings = 0;
			knownRegions = (
				en,
				Base,
			);
			mainGroup = 1D3A85DF2A886E160081857F;
			packageReferences = (
				1D980CAE2A8A94F40098EF77 /* XCRemoteSwiftPackageReference "essentials" */,
				1D8FAA942A981F1800A06483 /* XCRemoteSwiftPackageReference "realm-swift" */,
			);
			productRefGroup = 1D3A85E92A886E160081857F /* Products */;
			projectDirPath = "";
			projectRoot = "";
			targets = (
				1D3A85E72A886E160081857F /* AnyLangLearn */,
			);
		};
/* End PBXProject section */

/* Begin PBXResourcesBuildPhase section */
		1D3A85E62A886E160081857F /* Resources */ = {
			isa = PBXResourcesBuildPhase;
			buildActionMask = 2147483647;
			files = (
				1D3A85F32A886E180081857F /* Preview Assets.xcassets in Resources */,
				1D3A85F02A886E180081857F /* Assets.xcassets in Resources */,
			);
			runOnlyForDeploymentPostprocessing = 0;
		};
/* End PBXResourcesBuildPhase section */

/* Begin PBXSourcesBuildPhase section */
		1D3A85E42A886E160081857F /* Sources */ = {
			isa = PBXSourcesBuildPhase;
			buildActionMask = 2147483647;
			files = (
				1D3A860F2A888FD90081857F /* TODO.swift in Sources */,
				1D3A85EE2A886E160081857F /* MainView.swift in Sources */,
				1D3A85EC2A886E160081857F /* AnyLangLearnApp.swift in Sources */,
				1D3A860A2A888A940081857F /* PairPhrasesView.swift in Sources */,
				1D3A860D2A888D6F0081857F /* AllPhrasesView.swift in Sources */,
			);
			runOnlyForDeploymentPostprocessing = 0;
		};
/* End PBXSourcesBuildPhase section */

/* Begin XCBuildConfiguration section */
		1D3A85F52A886E180081857F /* Debug */ = {
			isa = XCBuildConfiguration;
			buildSettings = {
				ALWAYS_SEARCH_USER_PATHS = NO;
				CLANG_ANALYZER_NONNULL = YES;
				CLANG_ANALYZER_NUMBER_OBJECT_CONVERSION = YES_AGGRESSIVE;
				CLANG_CXX_LANGUAGE_STANDARD = "gnu++20";
				CLANG_ENABLE_MODULES = YES;
				CLANG_ENABLE_OBJC_ARC = YES;
				CLANG_ENABLE_OBJC_WEAK = YES;
				CLANG_WARN_BLOCK_CAPTURE_AUTORELEASING = YES;
				CLANG_WARN_BOOL_CONVERSION = YES;
				CLANG_WARN_COMMA = YES;
				CLANG_WARN_CONSTANT_CONVERSION = YES;
				CLANG_WARN_DEPRECATED_OBJC_IMPLEMENTATIONS = YES;
				CLANG_WARN_DIRECT_OBJC_ISA_USAGE = YES_ERROR;
				CLANG_WARN_DOCUMENTATION_COMMENTS = YES;
				CLANG_WARN_EMPTY_BODY = YES;
				CLANG_WARN_ENUM_CONVERSION = YES;
				CLANG_WARN_INFINITE_RECURSION = YES;
				CLANG_WARN_INT_CONVERSION = YES;
				CLANG_WARN_NON_LITERAL_NULL_CONVERSION = YES;
				CLANG_WARN_OBJC_IMPLICIT_RETAIN_SELF = YES;
				CLANG_WARN_OBJC_LITERAL_CONVERSION = YES;
				CLANG_WARN_OBJC_ROOT_CLASS = YES_ERROR;
				CLANG_WARN_QUOTED_INCLUDE_IN_FRAMEWORK_HEADER = YES;
				CLANG_WARN_RANGE_LOOP_ANALYSIS = YES;
				CLANG_WARN_STRICT_PROTOTYPES = YES;
				CLANG_WARN_SUSPICIOUS_MOVE = YES;
				CLANG_WARN_UNGUARDED_AVAILABILITY = YES_AGGRESSIVE;
				CLANG_WARN_UNREACHABLE_CODE = YES;
				CLANG_WARN__DUPLICATE_METHOD_MATCH = YES;
				COPY_PHASE_STRIP = NO;
				DEBUG_INFORMATION_FORMAT = dwarf;
				ENABLE_STRICT_OBJC_MSGSEND = YES;
				ENABLE_TESTABILITY = YES;
				GCC_C_LANGUAGE_STANDARD = gnu11;
				GCC_DYNAMIC_NO_PIC = NO;
				GCC_NO_COMMON_BLOCKS = YES;
				GCC_OPTIMIZATION_LEVEL = 0;
				GCC_PREPROCESSOR_DEFINITIONS = (
					"DEBUG=1",
					"$(inherited)",
				);
				GCC_WARN_64_TO_32_BIT_CONVERSION = YES;
				GCC_WARN_ABOUT_RETURN_TYPE = YES_ERROR;
				GCC_WARN_UNDECLARED_SELECTOR = YES;
				GCC_WARN_UNINITIALIZED_AUTOS = YES_AGGRESSIVE;
				GCC_WARN_UNUSED_FUNCTION = YES;
				GCC_WARN_UNUSED_VARIABLE = YES;
				MACOSX_DEPLOYMENT_TARGET = 13.3;
				MTL_ENABLE_DEBUG_INFO = INCLUDE_SOURCE;
				MTL_FAST_MATH = YES;
				ONLY_ACTIVE_ARCH = YES;
				SDKROOT = macosx;
				SWIFT_ACTIVE_COMPILATION_CONDITIONS = DEBUG;
				SWIFT_OPTIMIZATION_LEVEL = "-Onone";
			};
			name = Debug;
		};
		1D3A85F62A886E180081857F /* Release */ = {
			isa = XCBuildConfiguration;
			buildSettings = {
				ALWAYS_SEARCH_USER_PATHS = NO;
				CLANG_ANALYZER_NONNULL = YES;
				CLANG_ANALYZER_NUMBER_OBJECT_CONVERSION = YES_AGGRESSIVE;
				CLANG_CXX_LANGUAGE_STANDARD = "gnu++20";
				CLANG_ENABLE_MODULES = YES;
				CLANG_ENABLE_OBJC_ARC = YES;
				CLANG_ENABLE_OBJC_WEAK = YES;
				CLANG_WARN_BLOCK_CAPTURE_AUTORELEASING = YES;
				CLANG_WARN_BOOL_CONVERSION = YES;
				CLANG_WARN_COMMA = YES;
				CLANG_WARN_CONSTANT_CONVERSION = YES;
				CLANG_WARN_DEPRECATED_OBJC_IMPLEMENTATIONS = YES;
				CLANG_WARN_DIRECT_OBJC_ISA_USAGE = YES_ERROR;
				CLANG_WARN_DOCUMENTATION_COMMENTS = YES;
				CLANG_WARN_EMPTY_BODY = YES;
				CLANG_WARN_ENUM_CONVERSION = YES;
				CLANG_WARN_INFINITE_RECURSION = YES;
				CLANG_WARN_INT_CONVERSION = YES;
				CLANG_WARN_NON_LITERAL_NULL_CONVERSION = YES;
				CLANG_WARN_OBJC_IMPLICIT_RETAIN_SELF = YES;
				CLANG_WARN_OBJC_LITERAL_CONVERSION = YES;
				CLANG_WARN_OBJC_ROOT_CLASS = YES_ERROR;
				CLANG_WARN_QUOTED_INCLUDE_IN_FRAMEWORK_HEADER = YES;
				CLANG_WARN_RANGE_LOOP_ANALYSIS = YES;
				CLANG_WARN_STRICT_PROTOTYPES = YES;
				CLANG_WARN_SUSPICIOUS_MOVE = YES;
				CLANG_WARN_UNGUARDED_AVAILABILITY = YES_AGGRESSIVE;
				CLANG_WARN_UNREACHABLE_CODE = YES;
				CLANG_WARN__DUPLICATE_METHOD_MATCH = YES;
				COPY_PHASE_STRIP = NO;
				DEBUG_INFORMATION_FORMAT = "dwarf-with-dsym";
				ENABLE_NS_ASSERTIONS = NO;
				ENABLE_STRICT_OBJC_MSGSEND = YES;
				GCC_C_LANGUAGE_STANDARD = gnu11;
				GCC_NO_COMMON_BLOCKS = YES;
				GCC_WARN_64_TO_32_BIT_CONVERSION = YES;
				GCC_WARN_ABOUT_RETURN_TYPE = YES_ERROR;
				GCC_WARN_UNDECLARED_SELECTOR = YES;
				GCC_WARN_UNINITIALIZED_AUTOS = YES_AGGRESSIVE;
				GCC_WARN_UNUSED_FUNCTION = YES;
				GCC_WARN_UNUSED_VARIABLE = YES;
				MACOSX_DEPLOYMENT_TARGET = 13.3;
				MTL_ENABLE_DEBUG_INFO = NO;
				MTL_FAST_MATH = YES;
				SDKROOT = macosx;
				SWIFT_COMPILATION_MODE = wholemodule;
				SWIFT_OPTIMIZATION_LEVEL = "-O";
			};
			name = Release;
		};
		1D3A85F82A886E180081857F /* Debug */ = {
			isa = XCBuildConfiguration;
			buildSettings = {
				ASSETCATALOG_COMPILER_APPICON_NAME = AppIcon;
				ASSETCATALOG_COMPILER_GLOBAL_ACCENT_COLOR_NAME = AccentColor;
				CODE_SIGN_ENTITLEMENTS = AnyLangLearn/AnyLangLearn.entitlements;
				CODE_SIGN_STYLE = Automatic;
				COMBINE_HIDPI_IMAGES = YES;
				CURRENT_PROJECT_VERSION = 1;
				DEVELOPMENT_ASSET_PATHS = "\"AnyLangLearn/Preview Content\"";
				DEVELOPMENT_TEAM = RPH4S2457V;
				ENABLE_HARDENED_RUNTIME = YES;
				ENABLE_PREVIEWS = YES;
				GENERATE_INFOPLIST_FILE = YES;
				INFOPLIST_KEY_NSHumanReadableCopyright = "";
				LD_RUNPATH_SEARCH_PATHS = (
					"$(inherited)",
					"@executable_path/../Frameworks",
				);
				MARKETING_VERSION = 1.0;
				PRODUCT_BUNDLE_IDENTIFIER = com.chekaZuja.AnyLangLearn;
				PRODUCT_NAME = "$(TARGET_NAME)";
				SWIFT_EMIT_LOC_STRINGS = YES;
				SWIFT_VERSION = 5.0;
			};
			name = Debug;
		};
		1D3A85F92A886E180081857F /* Release */ = {
			isa = XCBuildConfiguration;
			buildSettings = {
				ASSETCATALOG_COMPILER_APPICON_NAME = AppIcon;
				ASSETCATALOG_COMPILER_GLOBAL_ACCENT_COLOR_NAME = AccentColor;
				CODE_SIGN_ENTITLEMENTS = AnyLangLearn/AnyLangLearn.entitlements;
				CODE_SIGN_STYLE = Automatic;
				COMBINE_HIDPI_IMAGES = YES;
				CURRENT_PROJECT_VERSION = 1;
				DEVELOPMENT_ASSET_PATHS = "\"AnyLangLearn/Preview Content\"";
				DEVELOPMENT_TEAM = RPH4S2457V;
				ENABLE_HARDENED_RUNTIME = YES;
				ENABLE_PREVIEWS = YES;
				GENERATE_INFOPLIST_FILE = YES;
				INFOPLIST_KEY_NSHumanReadableCopyright = "";
				LD_RUNPATH_SEARCH_PATHS = (
					"$(inherited)",
					"@executable_path/../Frameworks",
				);
				MARKETING_VERSION = 1.0;
				PRODUCT_BUNDLE_IDENTIFIER = com.chekaZuja.AnyLangLearn;
				PRODUCT_NAME = "$(TARGET_NAME)";
				SWIFT_EMIT_LOC_STRINGS = YES;
				SWIFT_VERSION = 5.0;
			};
			name = Release;
		};
/* End XCBuildConfiguration section */

/* Begin XCConfigurationList section */
		1D3A85E32A886E160081857F /* Build configuration list for PBXProject "AnyLangLearn" */ = {
			isa = XCConfigurationList;
			buildConfigurations = (
				1D3A85F52A886E180081857F /* Debug */,
				1D3A85F62A886E180081857F /* Release */,
			);
			defaultConfigurationIsVisible = 0;
			defaultConfigurationName = Release;
		};
		1D3A85F72A886E180081857F /* Build configuration list for PBXNativeTarget "AnyLangLearn" */ = {
			isa = XCConfigurationList;
			buildConfigurations = (
				1D3A85F82A886E180081857F /* Debug */,
				1D3A85F92A886E180081857F /* Release */,
			);
			defaultConfigurationIsVisible = 0;
			defaultConfigurationName = Release;
		};
/* End XCConfigurationList section */

/* Begin XCRemoteSwiftPackageReference section */
		1D8FAA942A981F1800A06483 /* XCRemoteSwiftPackageReference "realm-swift" */ = {
			isa = XCRemoteSwiftPackageReference;
			repositoryURL = "https://github.com/realm/realm-swift.git";
			requirement = {
				branch = v10.42.0;
				kind = branch;
			};
		};
		1D980CAE2A8A94F40098EF77 /* XCRemoteSwiftPackageReference "essentials" */ = {
			isa = XCRemoteSwiftPackageReference;
			repositoryURL = "https://gitlab.com/sergiy.vynnychenko/essentials.git";
			requirement = {
				branch = master;
				kind = branch;
			};
		};
/* End XCRemoteSwiftPackageReference section */

/* Begin XCSwiftPackageProductDependency section */
		1D8FAA952A981F1800A06483 /* Realm */ = {
			isa = XCSwiftPackageProductDependency;
			package = 1D8FAA942A981F1800A06483 /* XCRemoteSwiftPackageReference "realm-swift" */;
			productName = Realm;
		};
		1D980CC72A8AB1150098EF77 /* Essentials */ = {
			isa = XCSwiftPackageProductDependency;
			package = 1D980CAE2A8A94F40098EF77 /* XCRemoteSwiftPackageReference "essentials" */;
			productName = Essentials;
		};
/* End XCSwiftPackageProductDependency section */
	};
	rootObject = 1D3A85E02A886E160081857F /* Project object */;
}
