{
  "pins" : [
    {
      "identity" : "essentials",
      "kind" : "remoteSourceControl",
      "location" : "git@gitlab.com:sergiy.vynnychenko/essentials.git",
      "state" : {
        "branch" : "master",
        "revision" : "359f92c08c0a5cd992f5e8d50406e6a434193e68"
      }
    },
    {
      "identity" : "realm-core",
      "kind" : "remoteSourceControl",
      "location" : "https://github.com/realm/realm-core.git",
      "state" : {
        "revision" : "c04f5e401a1ec682e6b08b1ee157e19a0f834a5f",
        "version" : "13.17.1"
      }
    },
    {
      "identity" : "realm-swift",
      "kind" : "remoteSourceControl",
      "location" : "https://github.com/realm/realm-swift.git",
      "state" : {
        "branch" : "v10.42.0",
        "revision" : "933abaa8076966e237e66497def74df84c6adbb4"
      }
    },
    {
      "identity" : "swinject",
      "kind" : "remoteSourceControl",
      "location" : "https://github.com/Swinject/Swinject.git",
      "state" : {
        "revision" : "8bc503e60965298984fb58cf47b71c541449fe2a",
        "version" : "2.8.3"
      }
    },
    {
      "identity" : "swinjectautoregistration",
      "kind" : "remoteSourceControl",
      "location" : "https://github.com/Swinject/SwinjectAutoregistration.git",
      "state" : {
        "branch" : "master",
        "revision" : "00d1e1a44b9a7a7f1658b2898f9455f4081d298c"
      }
    }
  ],
  "version" : 2
}
