// !$*UTF8*$!
{
	archiveVersion = 1;
	classes = {
	};
	objectVersion = 56;
	objects = {

/* Begin PBXBuildFile section */
		1DE02B0B2A849127007179D7 /* TagalogApp.swift in Sources */ = {isa = PBXBuildFile; fileRef = 1DE02B0A2A849127007179D7 /* TagalogApp.swift */; };
		1DE02B0D2A849127007179D7 /* MainView.swift in Sources */ = {isa = PBXBuildFile; fileRef = 1DE02B0C2A849127007179D7 /* MainView.swift */; };
		1DE02B0F2A849128007179D7 /* Assets.xcassets in Resources */ = {isa = PBXBuildFile; fileRef = 1DE02B0E2A849128007179D7 /* Assets.xcassets */; };
		1DE02B122A849128007179D7 /* Preview Assets.xcassets in Resources */ = {isa = PBXBuildFile; fileRef = 1DE02B112A849128007179D7 /* Preview Assets.xcassets */; };
		1DE02B1C2A8495EE007179D7 /* RealmSwift in Frameworks */ = {isa = PBXBuildFile; productRef = 1DE02B1B2A8495EE007179D7 /* RealmSwift */; };
		1DE02B1E2A849609007179D7 /* RealmWrapper.swift in Sources */ = {isa = PBXBuildFile; fileRef = 1DE02B1D2A849609007179D7 /* RealmWrapper.swift */; };
		1DE02B212A84A3D4007179D7 /* AddTranslationView.swift in Sources */ = {isa = PBXBuildFile; fileRef = 1DE02B202A84A3D4007179D7 /* AddTranslationView.swift */; };
		1DE02B242A84A4B1007179D7 /* MainViewModel.swift in Sources */ = {isa = PBXBuildFile; fileRef = 1DE02B232A84A4B1007179D7 /* MainViewModel.swift */; };
		1DE02B272A851B21007179D7 /* Essentials in Frameworks */ = {isa = PBXBuildFile; productRef = 1DE02B262A851B21007179D7 /* Essentials */; };
/* End PBXBuildFile section */

/* Begin PBXFileReference section */
		1DE02B072A849127007179D7 /* Tagalog.app */ = {isa = PBXFileReference; explicitFileType = wrapper.application; includeInIndex = 0; path = Tagalog.app; sourceTree = BUILT_PRODUCTS_DIR; };
		1DE02B0A2A849127007179D7 /* TagalogApp.swift */ = {isa = PBXFileReference; lastKnownFileType = sourcecode.swift; path = TagalogApp.swift; sourceTree = "<group>"; };
		1DE02B0C2A849127007179D7 /* MainView.swift */ = {isa = PBXFileReference; lastKnownFileType = sourcecode.swift; path = MainView.swift; sourceTree = "<group>"; };
		1DE02B0E2A849128007179D7 /* Assets.xcassets */ = {isa = PBXFileReference; lastKnownFileType = folder.assetcatalog; path = Assets.xcassets; sourceTree = "<group>"; };
		1DE02B112A849128007179D7 /* Preview Assets.xcassets */ = {isa = PBXFileReference; lastKnownFileType = folder.assetcatalog; path = "Preview Assets.xcassets"; sourceTree = "<group>"; };
		1DE02B132A849128007179D7 /* Tagalog.entitlements */ = {isa = PBXFileReference; lastKnownFileType = text.plist.entitlements; path = Tagalog.entitlements; sourceTree = "<group>"; };
		1DE02B1D2A849609007179D7 /* RealmWrapper.swift */ = {isa = PBXFileReference; lastKnownFileType = sourcecode.swift; path = RealmWrapper.swift; sourceTree = "<group>"; };
		1DE02B202A84A3D4007179D7 /* AddTranslationView.swift */ = {isa = PBXFileReference; lastKnownFileType = sourcecode.swift; path = AddTranslationView.swift; sourceTree = "<group>"; };
		1DE02B232A84A4B1007179D7 /* MainViewModel.swift */ = {isa = PBXFileReference; lastKnownFileType = sourcecode.swift; path = MainViewModel.swift; sourceTree = "<group>"; };
/* End PBXFileReference section */

/* Begin PBXFrameworksBuildPhase section */
		1DE02B042A849127007179D7 /* Frameworks */ = {
			isa = PBXFrameworksBuildPhase;
			buildActionMask = 2147483647;
			files = (
				1DE02B1C2A8495EE007179D7 /* RealmSwift in Frameworks */,
				1DE02B272A851B21007179D7 /* Essentials in Frameworks */,
			);
			runOnlyForDeploymentPostprocessing = 0;
		};
/* End PBXFrameworksBuildPhase section */

/* Begin PBXGroup section */
		1DE02AFE2A849127007179D7 = {
			isa = PBXGroup;
			children = (
				1DE02B092A849127007179D7 /* Tagalog */,
				1DE02B082A849127007179D7 /* Products */,
			);
			sourceTree = "<group>";
		};
		1DE02B082A849127007179D7 /* Products */ = {
			isa = PBXGroup;
			children = (
				1DE02B072A849127007179D7 /* Tagalog.app */,
			);
			name = Products;
			sourceTree = "<group>";
		};
		1DE02B092A849127007179D7 /* Tagalog */ = {
			isa = PBXGroup;
			children = (
				1DE02B0A2A849127007179D7 /* TagalogApp.swift */,
				1DE02B1D2A849609007179D7 /* RealmWrapper.swift */,
				1DE02B1F2A84A3C0007179D7 /* Scenes */,
				1DE02B0E2A849128007179D7 /* Assets.xcassets */,
				1DE02B132A849128007179D7 /* Tagalog.entitlements */,
				1DE02B102A849128007179D7 /* Preview Content */,
			);
			path = Tagalog;
			sourceTree = "<group>";
		};
		1DE02B102A849128007179D7 /* Preview Content */ = {
			isa = PBXGroup;
			children = (
				1DE02B112A849128007179D7 /* Preview Assets.xcassets */,
			);
			path = "Preview Content";
			sourceTree = "<group>";
		};
		1DE02B1F2A84A3C0007179D7 /* Scenes */ = {
			isa = PBXGroup;
			children = (
				1DE02B222A84A40D007179D7 /* Main */,
				1DE02B202A84A3D4007179D7 /* AddTranslationView.swift */,
			);
			path = Scenes;
			sourceTree = "<group>";
		};
		1DE02B222A84A40D007179D7 /* Main */ = {
			isa = PBXGroup;
			children = (
				1DE02B0C2A849127007179D7 /* MainView.swift */,
				1DE02B232A84A4B1007179D7 /* MainViewModel.swift */,
			);
			path = Main;
			sourceTree = "<group>";
		};
/* End PBXGroup section */

/* Begin PBXNativeTarget section */
		1DE02B062A849127007179D7 /* Tagalog */ = {
			isa = PBXNativeTarget;
			buildConfigurationList = 1DE02B162A849128007179D7 /* Build configuration list for PBXNativeTarget "Tagalog" */;
			buildPhases = (
				1DE02B032A849127007179D7 /* Sources */,
				1DE02B042A849127007179D7 /* Frameworks */,
				1DE02B052A849127007179D7 /* Resources */,
			);
			buildRules = (
			);
			dependencies = (
			);
			name = Tagalog;
			packageProductDependencies = (
				1DE02B1B2A8495EE007179D7 /* RealmSwift */,
				1DE02B262A851B21007179D7 /* Essentials */,
			);
			productName = Tagalog;
			productReference = 1DE02B072A849127007179D7 /* Tagalog.app */;
			productType = "com.apple.product-type.application";
		};
/* End PBXNativeTarget section */

/* Begin PBXProject section */
		1DE02AFF2A849127007179D7 /* Project object */ = {
			isa = PBXProject;
			attributes = {
				BuildIndependentTargetsInParallel = 1;
				LastSwiftUpdateCheck = 1430;
				LastUpgradeCheck = 1430;
				TargetAttributes = {
					1DE02B062A849127007179D7 = {
						CreatedOnToolsVersion = 14.3;
					};
				};
			};
			buildConfigurationList = 1DE02B022A849127007179D7 /* Build configuration list for PBXProject "Tagalog" */;
			compatibilityVersion = "Xcode 14.0";
			developmentRegion = en;
			hasScannedForEncodings = 0;
			knownRegions = (
				en,
				Base,
			);
			mainGroup = 1DE02AFE2A849127007179D7;
			packageReferences = (
				1DE02B1A2A8495EE007179D7 /* XCRemoteSwiftPackageReference "realm-swift" */,
				1DE02B252A851B21007179D7 /* XCRemoteSwiftPackageReference "essentials" */,
			);
			productRefGroup = 1DE02B082A849127007179D7 /* Products */;
			projectDirPath = "";
			projectRoot = "";
			targets = (
				1DE02B062A849127007179D7 /* Tagalog */,
			);
		};
/* End PBXProject section */

/* Begin PBXResourcesBuildPhase section */
		1DE02B052A849127007179D7 /* Resources */ = {
			isa = PBXResourcesBuildPhase;
			buildActionMask = 2147483647;
			files = (
				1DE02B122A849128007179D7 /* Preview Assets.xcassets in Resources */,
				1DE02B0F2A849128007179D7 /* Assets.xcassets in Resources */,
			);
			runOnlyForDeploymentPostprocessing = 0;
		};
/* End PBXResourcesBuildPhase section */

/* Begin PBXSourcesBuildPhase section */
		1DE02B032A849127007179D7 /* Sources */ = {
			isa = PBXSourcesBuildPhase;
			buildActionMask = 2147483647;
			files = (
				1DE02B242A84A4B1007179D7 /* MainViewModel.swift in Sources */,
				1DE02B1E2A849609007179D7 /* RealmWrapper.swift in Sources */,
				1DE02B0D2A849127007179D7 /* MainView.swift in Sources */,
				1DE02B212A84A3D4007179D7 /* AddTranslationView.swift in Sources */,
				1DE02B0B2A849127007179D7 /* TagalogApp.swift in Sources */,
			);
			runOnlyForDeploymentPostprocessing = 0;
		};
/* End PBXSourcesBuildPhase section */

/* Begin XCBuildConfiguration section */
		1DE02B142A849128007179D7 /* Debug */ = {
			isa = XCBuildConfiguration;
			buildSettings = {
				ALWAYS_SEARCH_USER_PATHS = NO;
				CLANG_ANALYZER_NONNULL = YES;
				CLANG_ANALYZER_NUMBER_OBJECT_CONVERSION = YES_AGGRESSIVE;
				CLANG_CXX_LANGUAGE_STANDARD = "gnu++20";
				CLANG_ENABLE_MODULES = YES;
				CLANG_ENABLE_OBJC_ARC = YES;
				CLANG_ENABLE_OBJC_WEAK = YES;
				CLANG_WARN_BLOCK_CAPTURE_AUTORELEASING = YES;
				CLANG_WARN_BOOL_CONVERSION = YES;
				CLANG_WARN_COMMA = YES;
				CLANG_WARN_CONSTANT_CONVERSION = YES;
				CLANG_WARN_DEPRECATED_OBJC_IMPLEMENTATIONS = YES;
				CLANG_WARN_DIRECT_OBJC_ISA_USAGE = YES_ERROR;
				CLANG_WARN_DOCUMENTATION_COMMENTS = YES;
				CLANG_WARN_EMPTY_BODY = YES;
				CLANG_WARN_ENUM_CONVERSION = YES;
				CLANG_WARN_INFINITE_RECURSION = YES;
				CLANG_WARN_INT_CONVERSION = YES;
				CLANG_WARN_NON_LITERAL_NULL_CONVERSION = YES;
				CLANG_WARN_OBJC_IMPLICIT_RETAIN_SELF = YES;
				CLANG_WARN_OBJC_LITERAL_CONVERSION = YES;
				CLANG_WARN_OBJC_ROOT_CLASS = YES_ERROR;
				CLANG_WARN_QUOTED_INCLUDE_IN_FRAMEWORK_HEADER = YES;
				CLANG_WARN_RANGE_LOOP_ANALYSIS = YES;
				CLANG_WARN_STRICT_PROTOTYPES = YES;
				CLANG_WARN_SUSPICIOUS_MOVE = YES;
				CLANG_WARN_UNGUARDED_AVAILABILITY = YES_AGGRESSIVE;
				CLANG_WARN_UNREACHABLE_CODE = YES;
				CLANG_WARN__DUPLICATE_METHOD_MATCH = YES;
				COPY_PHASE_STRIP = NO;
				DEBUG_INFORMATION_FORMAT = dwarf;
				ENABLE_STRICT_OBJC_MSGSEND = YES;
				ENABLE_TESTABILITY = YES;
				GCC_C_LANGUAGE_STANDARD = gnu11;
				GCC_DYNAMIC_NO_PIC = NO;
				GCC_NO_COMMON_BLOCKS = YES;
				GCC_OPTIMIZATION_LEVEL = 0;
				GCC_PREPROCESSOR_DEFINITIONS = (
					"DEBUG=1",
					"$(inherited)",
				);
				GCC_WARN_64_TO_32_BIT_CONVERSION = YES;
				GCC_WARN_ABOUT_RETURN_TYPE = YES_ERROR;
				GCC_WARN_UNDECLARED_SELECTOR = YES;
				GCC_WARN_UNINITIALIZED_AUTOS = YES_AGGRESSIVE;
				GCC_WARN_UNUSED_FUNCTION = YES;
				GCC_WARN_UNUSED_VARIABLE = YES;
				MACOSX_DEPLOYMENT_TARGET = 13.3;
				MTL_ENABLE_DEBUG_INFO = INCLUDE_SOURCE;
				MTL_FAST_MATH = YES;
				ONLY_ACTIVE_ARCH = YES;
				SDKROOT = macosx;
				SWIFT_ACTIVE_COMPILATION_CONDITIONS = DEBUG;
				SWIFT_OPTIMIZATION_LEVEL = "-Onone";
			};
			name = Debug;
		};
		1DE02B152A849128007179D7 /* Release */ = {
			isa = XCBuildConfiguration;
			buildSettings = {
				ALWAYS_SEARCH_USER_PATHS = NO;
				CLANG_ANALYZER_NONNULL = YES;
				CLANG_ANALYZER_NUMBER_OBJECT_CONVERSION = YES_AGGRESSIVE;
				CLANG_CXX_LANGUAGE_STANDARD = "gnu++20";
				CLANG_ENABLE_MODULES = YES;
				CLANG_ENABLE_OBJC_ARC = YES;
				CLANG_ENABLE_OBJC_WEAK = YES;
				CLANG_WARN_BLOCK_CAPTURE_AUTORELEASING = YES;
				CLANG_WARN_BOOL_CONVERSION = YES;
				CLANG_WARN_COMMA = YES;
				CLANG_WARN_CONSTANT_CONVERSION = YES;
				CLANG_WARN_DEPRECATED_OBJC_IMPLEMENTATIONS = YES;
				CLANG_WARN_DIRECT_OBJC_ISA_USAGE = YES_ERROR;
				CLANG_WARN_DOCUMENTATION_COMMENTS = YES;
				CLANG_WARN_EMPTY_BODY = YES;
				CLANG_WARN_ENUM_CONVERSION = YES;
				CLANG_WARN_INFINITE_RECURSION = YES;
				CLANG_WARN_INT_CONVERSION = YES;
				CLANG_WARN_NON_LITERAL_NULL_CONVERSION = YES;
				CLANG_WARN_OBJC_IMPLICIT_RETAIN_SELF = YES;
				CLANG_WARN_OBJC_LITERAL_CONVERSION = YES;
				CLANG_WARN_OBJC_ROOT_CLASS = YES_ERROR;
				CLANG_WARN_QUOTED_INCLUDE_IN_FRAMEWORK_HEADER = YES;
				CLANG_WARN_RANGE_LOOP_ANALYSIS = YES;
				CLANG_WARN_STRICT_PROTOTYPES = YES;
				CLANG_WARN_SUSPICIOUS_MOVE = YES;
				CLANG_WARN_UNGUARDED_AVAILABILITY = YES_AGGRESSIVE;
				CLANG_WARN_UNREACHABLE_CODE = YES;
				CLANG_WARN__DUPLICATE_METHOD_MATCH = YES;
				COPY_PHASE_STRIP = NO;
				DEBUG_INFORMATION_FORMAT = "dwarf-with-dsym";
				ENABLE_NS_ASSERTIONS = NO;
				ENABLE_STRICT_OBJC_MSGSEND = YES;
				GCC_C_LANGUAGE_STANDARD = gnu11;
				GCC_NO_COMMON_BLOCKS = YES;
				GCC_WARN_64_TO_32_BIT_CONVERSION = YES;
				GCC_WARN_ABOUT_RETURN_TYPE = YES_ERROR;
				GCC_WARN_UNDECLARED_SELECTOR = YES;
				GCC_WARN_UNINITIALIZED_AUTOS = YES_AGGRESSIVE;
				GCC_WARN_UNUSED_FUNCTION = YES;
				GCC_WARN_UNUSED_VARIABLE = YES;
				MACOSX_DEPLOYMENT_TARGET = 13.3;
				MTL_ENABLE_DEBUG_INFO = NO;
				MTL_FAST_MATH = YES;
				SDKROOT = macosx;
				SWIFT_COMPILATION_MODE = wholemodule;
				SWIFT_OPTIMIZATION_LEVEL = "-O";
			};
			name = Release;
		};
		1DE02B172A849128007179D7 /* Debug */ = {
			isa = XCBuildConfiguration;
			buildSettings = {
				ASSETCATALOG_COMPILER_APPICON_NAME = AppIcon;
				ASSETCATALOG_COMPILER_GLOBAL_ACCENT_COLOR_NAME = AccentColor;
				CODE_SIGN_ENTITLEMENTS = Tagalog/Tagalog.entitlements;
				CODE_SIGN_STYLE = Automatic;
				COMBINE_HIDPI_IMAGES = YES;
				CURRENT_PROJECT_VERSION = 1;
				DEVELOPMENT_ASSET_PATHS = "\"Tagalog/Preview Content\"";
				DEVELOPMENT_TEAM = RPH4S2457V;
				ENABLE_HARDENED_RUNTIME = YES;
				ENABLE_PREVIEWS = YES;
				GENERATE_INFOPLIST_FILE = YES;
				INFOPLIST_KEY_NSHumanReadableCopyright = "";
				LD_RUNPATH_SEARCH_PATHS = (
					"$(inherited)",
					"@executable_path/../Frameworks",
				);
				MARKETING_VERSION = 1.0;
				PRODUCT_BUNDLE_IDENTIFIER = com.chekaZuja.Tagalog;
				PRODUCT_NAME = "$(TARGET_NAME)";
				SWIFT_EMIT_LOC_STRINGS = YES;
				SWIFT_VERSION = 5.0;
			};
			name = Debug;
		};
		1DE02B182A849128007179D7 /* Release */ = {
			isa = XCBuildConfiguration;
			buildSettings = {
				ASSETCATALOG_COMPILER_APPICON_NAME = AppIcon;
				ASSETCATALOG_COMPILER_GLOBAL_ACCENT_COLOR_NAME = AccentColor;
				CODE_SIGN_ENTITLEMENTS = Tagalog/Tagalog.entitlements;
				CODE_SIGN_STYLE = Automatic;
				COMBINE_HIDPI_IMAGES = YES;
				CURRENT_PROJECT_VERSION = 1;
				DEVELOPMENT_ASSET_PATHS = "\"Tagalog/Preview Content\"";
				DEVELOPMENT_TEAM = RPH4S2457V;
				ENABLE_HARDENED_RUNTIME = YES;
				ENABLE_PREVIEWS = YES;
				GENERATE_INFOPLIST_FILE = YES;
				INFOPLIST_KEY_NSHumanReadableCopyright = "";
				LD_RUNPATH_SEARCH_PATHS = (
					"$(inherited)",
					"@executable_path/../Frameworks",
				);
				MARKETING_VERSION = 1.0;
				PRODUCT_BUNDLE_IDENTIFIER = com.chekaZuja.Tagalog;
				PRODUCT_NAME = "$(TARGET_NAME)";
				SWIFT_EMIT_LOC_STRINGS = YES;
				SWIFT_VERSION = 5.0;
			};
			name = Release;
		};
/* End XCBuildConfiguration section */

/* Begin XCConfigurationList section */
		1DE02B022A849127007179D7 /* Build configuration list for PBXProject "Tagalog" */ = {
			isa = XCConfigurationList;
			buildConfigurations = (
				1DE02B142A849128007179D7 /* Debug */,
				1DE02B152A849128007179D7 /* Release */,
			);
			defaultConfigurationIsVisible = 0;
			defaultConfigurationName = Release;
		};
		1DE02B162A849128007179D7 /* Build configuration list for PBXNativeTarget "Tagalog" */ = {
			isa = XCConfigurationList;
			buildConfigurations = (
				1DE02B172A849128007179D7 /* Debug */,
				1DE02B182A849128007179D7 /* Release */,
			);
			defaultConfigurationIsVisible = 0;
			defaultConfigurationName = Release;
		};
/* End XCConfigurationList section */

/* Begin XCRemoteSwiftPackageReference section */
		1DE02B1A2A8495EE007179D7 /* XCRemoteSwiftPackageReference "realm-swift" */ = {
			isa = XCRemoteSwiftPackageReference;
			repositoryURL = "https://github.com/realm/realm-swift.git";
			requirement = {
				branch = master;
				kind = branch;
			};
		};
		1DE02B252A851B21007179D7 /* XCRemoteSwiftPackageReference "essentials" */ = {
			isa = XCRemoteSwiftPackageReference;
			repositoryURL = "git@gitlab.com:sergiy.vynnychenko/essentials.git";
			requirement = {
				kind = upToNextMajorVersion;
				minimumVersion = 1.0.0;
			};
		};
/* End XCRemoteSwiftPackageReference section */

/* Begin XCSwiftPackageProductDependency section */
		1DE02B1B2A8495EE007179D7 /* RealmSwift */ = {
			isa = XCSwiftPackageProductDependency;
			package = 1DE02B1A2A8495EE007179D7 /* XCRemoteSwiftPackageReference "realm-swift" */;
			productName = RealmSwift;
		};
		1DE02B262A851B21007179D7 /* Essentials */ = {
			isa = XCSwiftPackageProductDependency;
			package = 1DE02B252A851B21007179D7 /* XCRemoteSwiftPackageReference "essentials" */;
			productName = Essentials;
		};
/* End XCSwiftPackageProductDependency section */
	};
	rootObject = 1DE02AFF2A849127007179D7 /* Project object */;
}
